
Microsoft Visual Studio Solution File, Format Version 12.00
# Visual Studio 14
VisualStudioVersion = 14.0.25420.1
MinimumVisualStudioVersion = 10.0.40219.1
Project("{2150E333-8FDC-42A3-9474-1A3956D46DE8}") = "Engine", "Engine", "{1E475DF1-3747-4E43-9C8D-009636DD92B2}"
EndProject
Project("{2150E333-8FDC-42A3-9474-1A3956D46DE8}") = "Games", "Games", "{B98DD405-2024-4E62-98EC-E6B7951C5C8E}"
EndProject
Project("{8BC9CEB8-8B4A-11D0-8D11-00A0C91BC942}") = "UE4", "Intermediate\ProjectFiles\UE4.vcxproj", "{D3AD431F-358D-41FD-B6B0-BD1263EB2388}"
EndProject
Project("{8BC9CEB8-8B4A-11D0-8D11-00A0C91BC942}") = "FirstPerson", "Intermediate\ProjectFiles\FirstPerson.vcxproj", "{526A5B76-F42E-4359-B4C2-2A0E0EEB0249}"
EndProject
Global
	GlobalSection(SolutionConfigurationPlatforms) = preSolution
		DebugGame Editor|HTML5 = DebugGame Editor|HTML5
		DebugGame Editor|IOS = DebugGame Editor|IOS
		DebugGame Editor|Win32 = DebugGame Editor|Win32
		DebugGame Editor|Win64 = DebugGame Editor|Win64
		DebugGame|HTML5 = DebugGame|HTML5
		DebugGame|IOS = DebugGame|IOS
		DebugGame|Win32 = DebugGame|Win32
		DebugGame|Win64 = DebugGame|Win64
		Development Editor|HTML5 = Development Editor|HTML5
		Development Editor|IOS = Development Editor|IOS
		Development Editor|Win32 = Development Editor|Win32
		Development Editor|Win64 = Development Editor|Win64
		Development|HTML5 = Development|HTML5
		Development|IOS = Development|IOS
		Development|Win32 = Development|Win32
		Development|Win64 = Development|Win64
		Shipping|HTML5 = Shipping|HTML5
		Shipping|IOS = Shipping|IOS
		Shipping|Win32 = Shipping|Win32
		Shipping|Win64 = Shipping|Win64
	EndGlobalSection
	GlobalSection(ProjectConfigurationPlatforms) = postSolution
		{D3AD431F-358D-41FD-B6B0-BD1263EB2388}.DebugGame Editor|HTML5.ActiveCfg = BuiltWithUnrealBuildTool|Win32
		{D3AD431F-358D-41FD-B6B0-BD1263EB2388}.DebugGame Editor|HTML5.Build.0 = BuiltWithUnrealBuildTool|Win32
		{D3AD431F-358D-41FD-B6B0-BD1263EB2388}.DebugGame Editor|IOS.ActiveCfg = BuiltWithUnrealBuildTool|Win32
		{D3AD431F-358D-41FD-B6B0-BD1263EB2388}.DebugGame Editor|IOS.Build.0 = BuiltWithUnrealBuildTool|Win32
		{D3AD431F-358D-41FD-B6B0-BD1263EB2388}.DebugGame Editor|Win32.ActiveCfg = BuiltWithUnrealBuildTool|Win32
		{D3AD431F-358D-41FD-B6B0-BD1263EB2388}.DebugGame Editor|Win32.Build.0 = BuiltWithUnrealBuildTool|Win32
		{D3AD431F-358D-41FD-B6B0-BD1263EB2388}.DebugGame Editor|Win64.ActiveCfg = BuiltWithUnrealBuildTool|Win32
		{D3AD431F-358D-41FD-B6B0-BD1263EB2388}.DebugGame Editor|Win64.Build.0 = BuiltWithUnrealBuildTool|Win32
		{D3AD431F-358D-41FD-B6B0-BD1263EB2388}.DebugGame|HTML5.ActiveCfg = BuiltWithUnrealBuildTool|Win32
		{D3AD431F-358D-41FD-B6B0-BD1263EB2388}.DebugGame|HTML5.Build.0 = BuiltWithUnrealBuildTool|Win32
		{D3AD431F-358D-41FD-B6B0-BD1263EB2388}.DebugGame|IOS.ActiveCfg = BuiltWithUnrealBuildTool|Win32
		{D3AD431F-358D-41FD-B6B0-BD1263EB2388}.DebugGame|IOS.Build.0 = BuiltWithUnrealBuildTool|Win32
		{D3AD431F-358D-41FD-B6B0-BD1263EB2388}.DebugGame|Win32.ActiveCfg = BuiltWithUnrealBuildTool|Win32
		{D3AD431F-358D-41FD-B6B0-BD1263EB2388}.DebugGame|Win32.Build.0 = BuiltWithUnrealBuildTool|Win32
		{D3AD431F-358D-41FD-B6B0-BD1263EB2388}.DebugGame|Win64.ActiveCfg = BuiltWithUnrealBuildTool|Win32
		{D3AD431F-358D-41FD-B6B0-BD1263EB2388}.DebugGame|Win64.Build.0 = BuiltWithUnrealBuildTool|Win32
		{D3AD431F-358D-41FD-B6B0-BD1263EB2388}.Development Editor|HTML5.ActiveCfg = BuiltWithUnrealBuildTool|Win32
		{D3AD431F-358D-41FD-B6B0-BD1263EB2388}.Development Editor|HTML5.Build.0 = BuiltWithUnrealBuildTool|Win32
		{D3AD431F-358D-41FD-B6B0-BD1263EB2388}.Development Editor|IOS.ActiveCfg = BuiltWithUnrealBuildTool|Win32
		{D3AD431F-358D-41FD-B6B0-BD1263EB2388}.Development Editor|IOS.Build.0 = BuiltWithUnrealBuildTool|Win32
		{D3AD431F-358D-41FD-B6B0-BD1263EB2388}.Development Editor|Win32.ActiveCfg = BuiltWithUnrealBuildTool|Win32
		{D3AD431F-358D-41FD-B6B0-BD1263EB2388}.Development Editor|Win32.Build.0 = BuiltWithUnrealBuildTool|Win32
		{D3AD431F-358D-41FD-B6B0-BD1263EB2388}.Development Editor|Win64.ActiveCfg = BuiltWithUnrealBuildTool|Win32
		{D3AD431F-358D-41FD-B6B0-BD1263EB2388}.Development Editor|Win64.Build.0 = BuiltWithUnrealBuildTool|Win32
		{D3AD431F-358D-41FD-B6B0-BD1263EB2388}.Development|HTML5.ActiveCfg = BuiltWithUnrealBuildTool|Win32
		{D3AD431F-358D-41FD-B6B0-BD1263EB2388}.Development|HTML5.Build.0 = BuiltWithUnrealBuildTool|Win32
		{D3AD431F-358D-41FD-B6B0-BD1263EB2388}.Development|IOS.ActiveCfg = BuiltWithUnrealBuildTool|Win32
		{D3AD431F-358D-41FD-B6B0-BD1263EB2388}.Development|IOS.Build.0 = BuiltWithUnrealBuildTool|Win32
		{D3AD431F-358D-41FD-B6B0-BD1263EB2388}.Development|Win32.ActiveCfg = BuiltWithUnrealBuildTool|Win32
		{D3AD431F-358D-41FD-B6B0-BD1263EB2388}.Development|Win32.Build.0 = BuiltWithUnrealBuildTool|Win32
		{D3AD431F-358D-41FD-B6B0-BD1263EB2388}.Development|Win64.ActiveCfg = BuiltWithUnrealBuildTool|Win32
		{D3AD431F-358D-41FD-B6B0-BD1263EB2388}.Development|Win64.Build.0 = BuiltWithUnrealBuildTool|Win32
		{D3AD431F-358D-41FD-B6B0-BD1263EB2388}.Shipping|HTML5.ActiveCfg = BuiltWithUnrealBuildTool|Win32
		{D3AD431F-358D-41FD-B6B0-BD1263EB2388}.Shipping|HTML5.Build.0 = BuiltWithUnrealBuildTool|Win32
		{D3AD431F-358D-41FD-B6B0-BD1263EB2388}.Shipping|IOS.ActiveCfg = BuiltWithUnrealBuildTool|Win32
		{D3AD431F-358D-41FD-B6B0-BD1263EB2388}.Shipping|IOS.Build.0 = BuiltWithUnrealBuildTool|Win32
		{D3AD431F-358D-41FD-B6B0-BD1263EB2388}.Shipping|Win32.ActiveCfg = BuiltWithUnrealBuildTool|Win32
		{D3AD431F-358D-41FD-B6B0-BD1263EB2388}.Shipping|Win32.Build.0 = BuiltWithUnrealBuildTool|Win32
		{D3AD431F-358D-41FD-B6B0-BD1263EB2388}.Shipping|Win64.ActiveCfg = BuiltWithUnrealBuildTool|Win32
		{D3AD431F-358D-41FD-B6B0-BD1263EB2388}.Shipping|Win64.Build.0 = BuiltWithUnrealBuildTool|Win32
		{526A5B76-F42E-4359-B4C2-2A0E0EEB0249}.DebugGame Editor|HTML5.ActiveCfg = HTML5_DebugGame_Editor|Win32
		{526A5B76-F42E-4359-B4C2-2A0E0EEB0249}.DebugGame Editor|IOS.ActiveCfg = IOS_DebugGame_Editor|Win32
		{526A5B76-F42E-4359-B4C2-2A0E0EEB0249}.DebugGame Editor|Win32.ActiveCfg = DebugGame_Editor|Win32
		{526A5B76-F42E-4359-B4C2-2A0E0EEB0249}.DebugGame Editor|Win64.ActiveCfg = DebugGame_Editor|x64
		{526A5B76-F42E-4359-B4C2-2A0E0EEB0249}.DebugGame Editor|Win64.Build.0 = DebugGame_Editor|x64
		{526A5B76-F42E-4359-B4C2-2A0E0EEB0249}.DebugGame|HTML5.ActiveCfg = HTML5_DebugGame_Game|Win32
		{526A5B76-F42E-4359-B4C2-2A0E0EEB0249}.DebugGame|HTML5.Build.0 = HTML5_DebugGame_Game|Win32
		{526A5B76-F42E-4359-B4C2-2A0E0EEB0249}.DebugGame|IOS.ActiveCfg = IOS_DebugGame_Game|Win32
		{526A5B76-F42E-4359-B4C2-2A0E0EEB0249}.DebugGame|IOS.Build.0 = IOS_DebugGame_Game|Win32
		{526A5B76-F42E-4359-B4C2-2A0E0EEB0249}.DebugGame|Win32.ActiveCfg = DebugGame_Game|Win32
		{526A5B76-F42E-4359-B4C2-2A0E0EEB0249}.DebugGame|Win32.Build.0 = DebugGame_Game|Win32
		{526A5B76-F42E-4359-B4C2-2A0E0EEB0249}.DebugGame|Win64.ActiveCfg = DebugGame_Game|x64
		{526A5B76-F42E-4359-B4C2-2A0E0EEB0249}.DebugGame|Win64.Build.0 = DebugGame_Game|x64
		{526A5B76-F42E-4359-B4C2-2A0E0EEB0249}.Development Editor|HTML5.ActiveCfg = HTML5_Development_Editor|Win32
		{526A5B76-F42E-4359-B4C2-2A0E0EEB0249}.Development Editor|IOS.ActiveCfg = IOS_Development_Editor|Win32
		{526A5B76-F42E-4359-B4C2-2A0E0EEB0249}.Development Editor|Win32.ActiveCfg = Development_Editor|Win32
		{526A5B76-F42E-4359-B4C2-2A0E0EEB0249}.Development Editor|Win64.ActiveCfg = Development_Editor|x64
		{526A5B76-F42E-4359-B4C2-2A0E0EEB0249}.Development Editor|Win64.Build.0 = Development_Editor|x64
		{526A5B76-F42E-4359-B4C2-2A0E0EEB0249}.Development|HTML5.ActiveCfg = HTML5_Development_Game|Win32
		{526A5B76-F42E-4359-B4C2-2A0E0EEB0249}.Development|HTML5.Build.0 = HTML5_Development_Game|Win32
		{526A5B76-F42E-4359-B4C2-2A0E0EEB0249}.Development|IOS.ActiveCfg = IOS_Development_Game|Win32
		{526A5B76-F42E-4359-B4C2-2A0E0EEB0249}.Development|IOS.Build.0 = IOS_Development_Game|Win32
		{526A5B76-F42E-4359-B4C2-2A0E0EEB0249}.Development|Win32.ActiveCfg = Development_Game|Win32
		{526A5B76-F42E-4359-B4C2-2A0E0EEB0249}.Development|Win32.Build.0 = Development_Game|Win32
		{526A5B76-F42E-4359-B4C2-2A0E0EEB0249}.Development|Win64.ActiveCfg = Development_Game|x64
		{526A5B76-F42E-4359-B4C2-2A0E0EEB0249}.Development|Win64.Build.0 = Development_Game|x64
		{526A5B76-F42E-4359-B4C2-2A0E0EEB0249}.Shipping|HTML5.ActiveCfg = HTML5_Shipping_Game|Win32
		{526A5B76-F42E-4359-B4C2-2A0E0EEB0249}.Shipping|HTML5.Build.0 = HTML5_Shipping_Game|Win32
		{526A5B76-F42E-4359-B4C2-2A0E0EEB0249}.Shipping|IOS.ActiveCfg = IOS_Shipping_Game|Win32
		{526A5B76-F42E-4359-B4C2-2A0E0EEB0249}.Shipping|IOS.Build.0 = IOS_Shipping_Game|Win32
		{526A5B76-F42E-4359-B4C2-2A0E0EEB0249}.Shipping|Win32.ActiveCfg = Shipping_Game|Win32
		{526A5B76-F42E-4359-B4C2-2A0E0EEB0249}.Shipping|Win32.Build.0 = Shipping_Game|Win32
		{526A5B76-F42E-4359-B4C2-2A0E0EEB0249}.Shipping|Win64.ActiveCfg = Shipping_Game|x64
		{526A5B76-F42E-4359-B4C2-2A0E0EEB0249}.Shipping|Win64.Build.0 = Shipping_Game|x64
	EndGlobalSection
	GlobalSection(SolutionProperties) = preSolution
		HideSolutionNode = FALSE
	EndGlobalSection
	GlobalSection(NestedProjects) = preSolution
		{D3AD431F-358D-41FD-B6B0-BD1263EB2388} = {1E475DF1-3747-4E43-9C8D-009636DD92B2}
		{526A5B76-F42E-4359-B4C2-2A0E0EEB0249} = {B98DD405-2024-4E62-98EC-E6B7951C5C8E}
	EndGlobalSection
EndGlobal
